// !$*UTF8*$!
{
	archiveVersion = 1;
	classes = {
	};
	objectVersion = 55;
	objects = {

/* Begin PBXBuildFile section */
		0BBF3481281FFF820024DE46 /* PokedexApp.swift in Sources */ = {isa = PBXBuildFile; fileRef = 0BBF3480281FFF820024DE46 /* PokedexApp.swift */; };
		0BBF3483281FFF820024DE46 /* ContentView.swift in Sources */ = {isa = PBXBuildFile; fileRef = 0BBF3482281FFF820024DE46 /* ContentView.swift */; };
		0BBF3485281FFF850024DE46 /* Assets.xcassets in Resources */ = {isa = PBXBuildFile; fileRef = 0BBF3484281FFF850024DE46 /* Assets.xcassets */; };
		0BBF3488281FFF850024DE46 /* Preview Assets.xcassets in Resources */ = {isa = PBXBuildFile; fileRef = 0BBF3487281FFF850024DE46 /* Preview Assets.xcassets */; };
		0BBF349328200E480024DE46 /* BadgeView.swift in Sources */ = {isa = PBXBuildFile; fileRef = 0BBF349228200E480024DE46 /* BadgeView.swift */; };
		0BBF34A52820226D0024DE46 /* BadgeType.swift in Sources */ = {isa = PBXBuildFile; fileRef = 0BBF34A42820226D0024DE46 /* BadgeType.swift */; };
		0BBF34A728204A290024DE46 /* Data.swift in Sources */ = {isa = PBXBuildFile; fileRef = 0BBF34A628204A290024DE46 /* Data.swift */; };
		0BBF34A9282149DE0024DE46 /* Pokemon.swift in Sources */ = {isa = PBXBuildFile; fileRef = 0BBF34A8282149DE0024DE46 /* Pokemon.swift */; };
		0BBF34AC2822B2D80024DE46 /* PokemonCardView.swift in Sources */ = {isa = PBXBuildFile; fileRef = 0BBF34AB2822B2D80024DE46 /* PokemonCardView.swift */; };
		0BBF34AE2822C88A0024DE46 /* utils.swift in Sources */ = {isa = PBXBuildFile; fileRef = 0BBF34AD2822C88A0024DE46 /* utils.swift */; };
		0BBF34B02824175F0024DE46 /* CardInfoView.swift in Sources */ = {isa = PBXBuildFile; fileRef = 0BBF34AF2824175F0024DE46 /* CardInfoView.swift */; };
		0BBF34B22824184F0024DE46 /* PokeballView.swift in Sources */ = {isa = PBXBuildFile; fileRef = 0BBF34B12824184F0024DE46 /* PokeballView.swift */; };
		E11B1F39A1BCF1F0D796DE07 /* Pods_Pokedex.framework in Frameworks */ = {isa = PBXBuildFile; fileRef = DDCBEF3A8EBFCAF4F14F1045 /* Pods_Pokedex.framework */; };
/* End PBXBuildFile section */

/* Begin PBXFileReference section */
		0BBF347D281FFF820024DE46 /* Pokedex.app */ = {isa = PBXFileReference; explicitFileType = wrapper.application; includeInIndex = 0; path = Pokedex.app; sourceTree = BUILT_PRODUCTS_DIR; };
		0BBF3480281FFF820024DE46 /* PokedexApp.swift */ = {isa = PBXFileReference; lastKnownFileType = sourcecode.swift; path = PokedexApp.swift; sourceTree = "<group>"; };
		0BBF3482281FFF820024DE46 /* ContentView.swift */ = {isa = PBXFileReference; lastKnownFileType = sourcecode.swift; path = ContentView.swift; sourceTree = "<group>"; };
		0BBF3484281FFF850024DE46 /* Assets.xcassets */ = {isa = PBXFileReference; lastKnownFileType = folder.assetcatalog; path = Assets.xcassets; sourceTree = "<group>"; };
		0BBF3487281FFF850024DE46 /* Preview Assets.xcassets */ = {isa = PBXFileReference; lastKnownFileType = folder.assetcatalog; path = "Preview Assets.xcassets"; sourceTree = "<group>"; };
		0BBF349228200E480024DE46 /* BadgeView.swift */ = {isa = PBXFileReference; lastKnownFileType = sourcecode.swift; path = BadgeView.swift; sourceTree = "<group>"; };
		0BBF34A42820226D0024DE46 /* BadgeType.swift */ = {isa = PBXFileReference; lastKnownFileType = sourcecode.swift; path = BadgeType.swift; sourceTree = "<group>"; };
		0BBF34A628204A290024DE46 /* Data.swift */ = {isa = PBXFileReference; lastKnownFileType = sourcecode.swift; path = Data.swift; sourceTree = "<group>"; };
		0BBF34A8282149DE0024DE46 /* Pokemon.swift */ = {isa = PBXFileReference; lastKnownFileType = sourcecode.swift; path = Pokemon.swift; sourceTree = "<group>"; };
		0BBF34AB2822B2D80024DE46 /* PokemonCardView.swift */ = {isa = PBXFileReference; lastKnownFileType = sourcecode.swift; path = PokemonCardView.swift; sourceTree = "<group>"; };
		0BBF34AD2822C88A0024DE46 /* utils.swift */ = {isa = PBXFileReference; lastKnownFileType = sourcecode.swift; path = utils.swift; sourceTree = "<group>"; };
		0BBF34AF2824175F0024DE46 /* CardInfoView.swift */ = {isa = PBXFileReference; lastKnownFileType = sourcecode.swift; path = CardInfoView.swift; sourceTree = "<group>"; };
		0BBF34B12824184F0024DE46 /* PokeballView.swift */ = {isa = PBXFileReference; lastKnownFileType = sourcecode.swift; path = PokeballView.swift; sourceTree = "<group>"; };
		27C1D327C209DF5FCC848AB0 /* Pods-Pokedex.release.xcconfig */ = {isa = PBXFileReference; includeInIndex = 1; lastKnownFileType = text.xcconfig; name = "Pods-Pokedex.release.xcconfig"; path = "Target Support Files/Pods-Pokedex/Pods-Pokedex.release.xcconfig"; sourceTree = "<group>"; };
		8378FD7210FBE54DA4EFD34D /* Pods-Pokedex.debug.xcconfig */ = {isa = PBXFileReference; includeInIndex = 1; lastKnownFileType = text.xcconfig; name = "Pods-Pokedex.debug.xcconfig"; path = "Target Support Files/Pods-Pokedex/Pods-Pokedex.debug.xcconfig"; sourceTree = "<group>"; };
		DDCBEF3A8EBFCAF4F14F1045 /* Pods_Pokedex.framework */ = {isa = PBXFileReference; explicitFileType = wrapper.framework; includeInIndex = 0; path = Pods_Pokedex.framework; sourceTree = BUILT_PRODUCTS_DIR; };
/* End PBXFileReference section */

/* Begin PBXFrameworksBuildPhase section */
		0BBF347A281FFF820024DE46 /* Frameworks */ = {
			isa = PBXFrameworksBuildPhase;
			buildActionMask = 2147483647;
			files = (
				E11B1F39A1BCF1F0D796DE07 /* Pods_Pokedex.framework in Frameworks */,
			);
			runOnlyForDeploymentPostprocessing = 0;
		};
/* End PBXFrameworksBuildPhase section */

/* Begin PBXGroup section */
		0BBF3474281FFF820024DE46 = {
			isa = PBXGroup;
			children = (
				0BBF347F281FFF820024DE46 /* Pokedex */,
				0BBF347E281FFF820024DE46 /* Products */,
				1B85DC58BDA61043D0AAE1D1 /* Pods */,
				8AF7B2F64780263B8D8AD6CD /* Frameworks */,
			);
			sourceTree = "<group>";
		};
		0BBF347E281FFF820024DE46 /* Products */ = {
			isa = PBXGroup;
			children = (
				0BBF347D281FFF820024DE46 /* Pokedex.app */,
			);
			name = Products;
			sourceTree = "<group>";
		};
		0BBF347F281FFF820024DE46 /* Pokedex */ = {
			isa = PBXGroup;
			children = (
				0BBF349028200E240024DE46 /* View */,
				0BBF3480281FFF820024DE46 /* PokedexApp.swift */,
				0BBF34A628204A290024DE46 /* Data.swift */,
				0BBF3482281FFF820024DE46 /* ContentView.swift */,
				0BBF3484281FFF850024DE46 /* Assets.xcassets */,
				0BBF3486281FFF850024DE46 /* Preview Content */,
				0BBF34A8282149DE0024DE46 /* Pokemon.swift */,
			);
			path = Pokedex;
			sourceTree = "<group>";
		};
		0BBF3486281FFF850024DE46 /* Preview Content */ = {
			isa = PBXGroup;
			children = (
				0BBF3487281FFF850024DE46 /* Preview Assets.xcassets */,
			);
			path = "Preview Content";
			sourceTree = "<group>";
		};
		0BBF349028200E240024DE46 /* View */ = {
			isa = PBXGroup;
			children = (
				0BBF34AA2822AB170024DE46 /* PokemonCard */,
				0BBF349128200E2F0024DE46 /* Badge */,
			);
			path = View;
			sourceTree = "<group>";
		};
		0BBF349128200E2F0024DE46 /* Badge */ = {
			isa = PBXGroup;
			children = (
				0BBF349228200E480024DE46 /* BadgeView.swift */,
				0BBF34A42820226D0024DE46 /* BadgeType.swift */,
			);
			path = Badge;
			sourceTree = "<group>";
		};
		0BBF34AA2822AB170024DE46 /* PokemonCard */ = {
			isa = PBXGroup;
			children = (
				0BBF34AB2822B2D80024DE46 /* PokemonCardView.swift */,
				0BBF34AD2822C88A0024DE46 /* utils.swift */,
				0BBF34AF2824175F0024DE46 /* CardInfoView.swift */,
				0BBF34B12824184F0024DE46 /* PokeballView.swift */,
			);
			path = PokemonCard;
			sourceTree = "<group>";
		};
		1B85DC58BDA61043D0AAE1D1 /* Pods */ = {
			isa = PBXGroup;
			children = (
				8378FD7210FBE54DA4EFD34D /* Pods-Pokedex.debug.xcconfig */,
				27C1D327C209DF5FCC848AB0 /* Pods-Pokedex.release.xcconfig */,
			);
			name = Pods;
			path = Pods;
			sourceTree = "<group>";
		};
		8AF7B2F64780263B8D8AD6CD /* Frameworks */ = {
			isa = PBXGroup;
			children = (
				DDCBEF3A8EBFCAF4F14F1045 /* Pods_Pokedex.framework */,
			);
			name = Frameworks;
			sourceTree = "<group>";
		};
/* End PBXGroup section */

/* Begin PBXNativeTarget section */
		0BBF347C281FFF820024DE46 /* Pokedex */ = {
			isa = PBXNativeTarget;
			buildConfigurationList = 0BBF348B281FFF850024DE46 /* Build configuration list for PBXNativeTarget "Pokedex" */;
			buildPhases = (
				BC4E211A939788E713CF8ACA /* [CP] Check Pods Manifest.lock */,
				0BBF3479281FFF820024DE46 /* Sources */,
				0BBF347A281FFF820024DE46 /* Frameworks */,
				0BBF347B281FFF820024DE46 /* Resources */,
			);
			buildRules = (
			);
			dependencies = (
			);
			name = Pokedex;
			productName = Pokedex;
			productReference = 0BBF347D281FFF820024DE46 /* Pokedex.app */;
			productType = "com.apple.product-type.application";
		};
/* End PBXNativeTarget section */

/* Begin PBXProject section */
		0BBF3475281FFF820024DE46 /* Project object */ = {
			isa = PBXProject;
			attributes = {
				BuildIndependentTargetsInParallel = 1;
				LastSwiftUpdateCheck = 1330;
				LastUpgradeCheck = 1330;
				TargetAttributes = {
					0BBF347C281FFF820024DE46 = {
						CreatedOnToolsVersion = 13.3;
					};
				};
			};
			buildConfigurationList = 0BBF3478281FFF820024DE46 /* Build configuration list for PBXProject "Pokedex" */;
			compatibilityVersion = "Xcode 13.0";
			developmentRegion = en;
			hasScannedForEncodings = 0;
			knownRegions = (
				en,
				Base,
			);
			mainGroup = 0BBF3474281FFF820024DE46;
			productRefGroup = 0BBF347E281FFF820024DE46 /* Products */;
			projectDirPath = "";
			projectRoot = "";
			targets = (
				0BBF347C281FFF820024DE46 /* Pokedex */,
			);
		};
/* End PBXProject section */

/* Begin PBXResourcesBuildPhase section */
		0BBF347B281FFF820024DE46 /* Resources */ = {
			isa = PBXResourcesBuildPhase;
			buildActionMask = 2147483647;
			files = (
				0BBF3488281FFF850024DE46 /* Preview Assets.xcassets in Resources */,
				0BBF3485281FFF850024DE46 /* Assets.xcassets in Resources */,
			);
			runOnlyForDeploymentPostprocessing = 0;
		};
/* End PBXResourcesBuildPhase section */

/* Begin PBXShellScriptBuildPhase section */
		BC4E211A939788E713CF8ACA /* [CP] Check Pods Manifest.lock */ = {
			isa = PBXShellScriptBuildPhase;
			buildActionMask = 2147483647;
			files = (
			);
			inputFileListPaths = (
			);
			inputPaths = (
				"${PODS_PODFILE_DIR_PATH}/Podfile.lock",
				"${PODS_ROOT}/Manifest.lock",
			);
			name = "[CP] Check Pods Manifest.lock";
			outputFileListPaths = (
			);
			outputPaths = (
				"$(DERIVED_FILE_DIR)/Pods-Pokedex-checkManifestLockResult.txt",
			);
			runOnlyForDeploymentPostprocessing = 0;
			shellPath = /bin/sh;
			shellScript = "diff \"${PODS_PODFILE_DIR_PATH}/Podfile.lock\" \"${PODS_ROOT}/Manifest.lock\" > /dev/null\nif [ $? != 0 ] ; then\n    # print error to STDERR\n    echo \"error: The sandbox is not in sync with the Podfile.lock. Run 'pod install' or update your CocoaPods installation.\" >&2\n    exit 1\nfi\n# This output is used by Xcode 'outputs' to avoid re-running this script phase.\necho \"SUCCESS\" > \"${SCRIPT_OUTPUT_FILE_0}\"\n";
			showEnvVarsInLog = 0;
		};
/* End PBXShellScriptBuildPhase section */

/* Begin PBXSourcesBuildPhase section */
		0BBF3479281FFF820024DE46 /* Sources */ = {
			isa = PBXSourcesBuildPhase;
			buildActionMask = 2147483647;
			files = (
				0BBF349328200E480024DE46 /* BadgeView.swift in Sources */,
				0BBF34A728204A290024DE46 /* Data.swift in Sources */,
				0BBF34B22824184F0024DE46 /* PokeballView.swift in Sources */,
				0BBF34A52820226D0024DE46 /* BadgeType.swift in Sources */,
				0BBF3483281FFF820024DE46 /* ContentView.swift in Sources */,
				0BBF34AC2822B2D80024DE46 /* PokemonCardView.swift in Sources */,
				0BBF3481281FFF820024DE46 /* PokedexApp.swift in Sources */,
				0BBF34A9282149DE0024DE46 /* Pokemon.swift in Sources */,
				0BBF34AE2822C88A0024DE46 /* utils.swift in Sources */,
				0BBF34B02824175F0024DE46 /* CardInfoView.swift in Sources */,
			);
			runOnlyForDeploymentPostprocessing = 0;
		};
/* End PBXSourcesBuildPhase section */

/* Begin XCBuildConfiguration section */
		0BBF3489281FFF850024DE46 /* Debug */ = {
			isa = XCBuildConfiguration;
			buildSettings = {
				ALWAYS_SEARCH_USER_PATHS = NO;
				CLANG_ANALYZER_NONNULL = YES;
				CLANG_ANALYZER_NUMBER_OBJECT_CONVERSION = YES_AGGRESSIVE;
				CLANG_CXX_LANGUAGE_STANDARD = "gnu++17";
				CLANG_ENABLE_MODULES = YES;
				CLANG_ENABLE_OBJC_ARC = YES;
				CLANG_ENABLE_OBJC_WEAK = YES;
				CLANG_WARN_BLOCK_CAPTURE_AUTORELEASING = YES;
				CLANG_WARN_BOOL_CONVERSION = YES;
				CLANG_WARN_COMMA = YES;
				CLANG_WARN_CONSTANT_CONVERSION = YES;
				CLANG_WARN_DEPRECATED_OBJC_IMPLEMENTATIONS = YES;
				CLANG_WARN_DIRECT_OBJC_ISA_USAGE = YES_ERROR;
				CLANG_WARN_DOCUMENTATION_COMMENTS = YES;
				CLANG_WARN_EMPTY_BODY = YES;
				CLANG_WARN_ENUM_CONVERSION = YES;
				CLANG_WARN_INFINITE_RECURSION = YES;
				CLANG_WARN_INT_CONVERSION = YES;
				CLANG_WARN_NON_LITERAL_NULL_CONVERSION = YES;
				CLANG_WARN_OBJC_IMPLICIT_RETAIN_SELF = YES;
				CLANG_WARN_OBJC_LITERAL_CONVERSION = YES;
				CLANG_WARN_OBJC_ROOT_CLASS = YES_ERROR;
				CLANG_WARN_QUOTED_INCLUDE_IN_FRAMEWORK_HEADER = YES;
				CLANG_WARN_RANGE_LOOP_ANALYSIS = YES;
				CLANG_WARN_STRICT_PROTOTYPES = YES;
				CLANG_WARN_SUSPICIOUS_MOVE = YES;
				CLANG_WARN_UNGUARDED_AVAILABILITY = YES_AGGRESSIVE;
				CLANG_WARN_UNREACHABLE_CODE = YES;
				CLANG_WARN__DUPLICATE_METHOD_MATCH = YES;
				COPY_PHASE_STRIP = NO;
				DEBUG_INFORMATION_FORMAT = dwarf;
				ENABLE_STRICT_OBJC_MSGSEND = YES;
				ENABLE_TESTABILITY = YES;
				GCC_C_LANGUAGE_STANDARD = gnu11;
				GCC_DYNAMIC_NO_PIC = NO;
				GCC_NO_COMMON_BLOCKS = YES;
				GCC_OPTIMIZATION_LEVEL = 0;
				GCC_PREPROCESSOR_DEFINITIONS = (
					"DEBUG=1",
					"$(inherited)",
				);
				GCC_WARN_64_TO_32_BIT_CONVERSION = YES;
				GCC_WARN_ABOUT_RETURN_TYPE = YES_ERROR;
				GCC_WARN_UNDECLARED_SELECTOR = YES;
				GCC_WARN_UNINITIALIZED_AUTOS = YES_AGGRESSIVE;
				GCC_WARN_UNUSED_FUNCTION = YES;
				GCC_WARN_UNUSED_VARIABLE = YES;
				IPHONEOS_DEPLOYMENT_TARGET = 15.4;
				MTL_ENABLE_DEBUG_INFO = INCLUDE_SOURCE;
				MTL_FAST_MATH = YES;
				ONLY_ACTIVE_ARCH = YES;
				SDKROOT = iphoneos;
				SWIFT_ACTIVE_COMPILATION_CONDITIONS = DEBUG;
				SWIFT_OPTIMIZATION_LEVEL = "-Onone";
			};
			name = Debug;
		};
		0BBF348A281FFF850024DE46 /* Release */ = {
			isa = XCBuildConfiguration;
			buildSettings = {
				ALWAYS_SEARCH_USER_PATHS = NO;
				CLANG_ANALYZER_NONNULL = YES;
				CLANG_ANALYZER_NUMBER_OBJECT_CONVERSION = YES_AGGRESSIVE;
				CLANG_CXX_LANGUAGE_STANDARD = "gnu++17";
				CLANG_ENABLE_MODULES = YES;
				CLANG_ENABLE_OBJC_ARC = YES;
				CLANG_ENABLE_OBJC_WEAK = YES;
				CLANG_WARN_BLOCK_CAPTURE_AUTORELEASING = YES;
				CLANG_WARN_BOOL_CONVERSION = YES;
				CLANG_WARN_COMMA = YES;
				CLANG_WARN_CONSTANT_CONVERSION = YES;
				CLANG_WARN_DEPRECATED_OBJC_IMPLEMENTATIONS = YES;
				CLANG_WARN_DIRECT_OBJC_ISA_USAGE = YES_ERROR;
				CLANG_WARN_DOCUMENTATION_COMMENTS = YES;
				CLANG_WARN_EMPTY_BODY = YES;
				CLANG_WARN_ENUM_CONVERSION = YES;
				CLANG_WARN_INFINITE_RECURSION = YES;
				CLANG_WARN_INT_CONVERSION = YES;
				CLANG_WARN_NON_LITERAL_NULL_CONVERSION = YES;
				CLANG_WARN_OBJC_IMPLICIT_RETAIN_SELF = YES;
				CLANG_WARN_OBJC_LITERAL_CONVERSION = YES;
				CLANG_WARN_OBJC_ROOT_CLASS = YES_ERROR;
				CLANG_WARN_QUOTED_INCLUDE_IN_FRAMEWORK_HEADER = YES;
				CLANG_WARN_RANGE_LOOP_ANALYSIS = YES;
				CLANG_WARN_STRICT_PROTOTYPES = YES;
				CLANG_WARN_SUSPICIOUS_MOVE = YES;
				CLANG_WARN_UNGUARDED_AVAILABILITY = YES_AGGRESSIVE;
				CLANG_WARN_UNREACHABLE_CODE = YES;
				CLANG_WARN__DUPLICATE_METHOD_MATCH = YES;
				COPY_PHASE_STRIP = NO;
				DEBUG_INFORMATION_FORMAT = "dwarf-with-dsym";
				ENABLE_NS_ASSERTIONS = NO;
				ENABLE_STRICT_OBJC_MSGSEND = YES;
				GCC_C_LANGUAGE_STANDARD = gnu11;
				GCC_NO_COMMON_BLOCKS = YES;
				GCC_WARN_64_TO_32_BIT_CONVERSION = YES;
				GCC_WARN_ABOUT_RETURN_TYPE = YES_ERROR;
				GCC_WARN_UNDECLARED_SELECTOR = YES;
				GCC_WARN_UNINITIALIZED_AUTOS = YES_AGGRESSIVE;
				GCC_WARN_UNUSED_FUNCTION = YES;
				GCC_WARN_UNUSED_VARIABLE = YES;
				IPHONEOS_DEPLOYMENT_TARGET = 15.4;
				MTL_ENABLE_DEBUG_INFO = NO;
				MTL_FAST_MATH = YES;
				SDKROOT = iphoneos;
				SWIFT_COMPILATION_MODE = wholemodule;
				SWIFT_OPTIMIZATION_LEVEL = "-O";
				VALIDATE_PRODUCT = YES;
			};
			name = Release;
		};
		0BBF348C281FFF850024DE46 /* Debug */ = {
			isa = XCBuildConfiguration;
			baseConfigurationReference = 8378FD7210FBE54DA4EFD34D /* Pods-Pokedex.debug.xcconfig */;
			buildSettings = {
				ASSETCATALOG_COMPILER_APPICON_NAME = AppIcon;
				ASSETCATALOG_COMPILER_GLOBAL_ACCENT_COLOR_NAME = AccentColor;
				CODE_SIGN_STYLE = Automatic;
				CURRENT_PROJECT_VERSION = 1;
				DEVELOPMENT_ASSET_PATHS = "\"Pokedex/Preview Content\"";
				DEVELOPMENT_TEAM = KDV83NBV8H;
				ENABLE_PREVIEWS = YES;
				GENERATE_INFOPLIST_FILE = YES;
				INFOPLIST_KEY_UIApplicationSceneManifest_Generation = YES;
				INFOPLIST_KEY_UIApplicationSupportsIndirectInputEvents = YES;
				INFOPLIST_KEY_UILaunchScreen_Generation = YES;
				INFOPLIST_KEY_UISupportedInterfaceOrientations_iPad = "UIInterfaceOrientationPortrait UIInterfaceOrientationPortraitUpsideDown UIInterfaceOrientationLandscapeLeft UIInterfaceOrientationLandscapeRight";
				INFOPLIST_KEY_UISupportedInterfaceOrientations_iPhone = "UIInterfaceOrientationPortrait UIInterfaceOrientationLandscapeLeft UIInterfaceOrientationLandscapeRight";
				LD_RUNPATH_SEARCH_PATHS = (
					"$(inherited)",
					"@executable_path/Frameworks",
				);
				MARKETING_VERSION = 1.0;
				PRODUCT_BUNDLE_IDENTIFIER = com.lais.Pokedex;
				PRODUCT_NAME = "$(TARGET_NAME)";
				SWIFT_EMIT_LOC_STRINGS = YES;
				SWIFT_VERSION = 5.0;
				TARGETED_DEVICE_FAMILY = "1,2";
			};
			name = Debug;
		};
		0BBF348D281FFF850024DE46 /* Release */ = {
			isa = XCBuildConfiguration;
			baseConfigurationReference = 27C1D327C209DF5FCC848AB0 /* Pods-Pokedex.release.xcconfig */;
			buildSettings = {
				ASSETCATALOG_COMPILER_APPICON_NAME = AppIcon;
				ASSETCATALOG_COMPILER_GLOBAL_ACCENT_COLOR_NAME = AccentColor;
				CODE_SIGN_STYLE = Automatic;
				CURRENT_PROJECT_VERSION = 1;
				DEVELOPMENT_ASSET_PATHS = "\"Pokedex/Preview Content\"";
				DEVELOPMENT_TEAM = KDV83NBV8H;
				ENABLE_PREVIEWS = YES;
				GENERATE_INFOPLIST_FILE = YES;
				INFOPLIST_KEY_UIApplicationSceneManifest_Generation = YES;
				INFOPLIST_KEY_UIApplicationSupportsIndirectInputEvents = YES;
				INFOPLIST_KEY_UILaunchScreen_Generation = YES;
				INFOPLIST_KEY_UISupportedInterfaceOrientations_iPad = "UIInterfaceOrientationPortrait UIInterfaceOrientationPortraitUpsideDown UIInterfaceOrientationLandscapeLeft UIInterfaceOrientationLandscapeRight";
				INFOPLIST_KEY_UISupportedInterfaceOrientations_iPhone = "UIInterfaceOrientationPortrait UIInterfaceOrientationLandscapeLeft UIInterfaceOrientationLandscapeRight";
				LD_RUNPATH_SEARCH_PATHS = (
					"$(inherited)",
					"@executable_path/Frameworks",
				);
				MARKETING_VERSION = 1.0;
				PRODUCT_BUNDLE_IDENTIFIER = com.lais.Pokedex;
				PRODUCT_NAME = "$(TARGET_NAME)";
				SWIFT_EMIT_LOC_STRINGS = YES;
				SWIFT_VERSION = 5.0;
				TARGETED_DEVICE_FAMILY = "1,2";
			};
			name = Release;
		};
/* End XCBuildConfiguration section */

/* Begin XCConfigurationList section */
		0BBF3478281FFF820024DE46 /* Build configuration list for PBXProject "Pokedex" */ = {
			isa = XCConfigurationList;
			buildConfigurations = (
				0BBF3489281FFF850024DE46 /* Debug */,
				0BBF348A281FFF850024DE46 /* Release */,
			);
			defaultConfigurationIsVisible = 0;
			defaultConfigurationName = Release;
		};
		0BBF348B281FFF850024DE46 /* Build configuration list for PBXNativeTarget "Pokedex" */ = {
			isa = XCConfigurationList;
			buildConfigurations = (
				0BBF348C281FFF850024DE46 /* Debug */,
				0BBF348D281FFF850024DE46 /* Release */,
			);
			defaultConfigurationIsVisible = 0;
			defaultConfigurationName = Release;
		};
/* End XCConfigurationList section */
	};
	rootObject = 0BBF3475281FFF820024DE46 /* Project object */;
}
